
Microsoft Visual Studio Solution File, Format Version 12.00
# Visual Studio Version 17
VisualStudioVersion = 17.3.32922.545
MinimumVisualStudioVersion = 10.0.40219.1
Project("{9A19103F-16F7-4668-BE54-9A1E7A4F7556}") = "Day 1 Part 1", "Day 1 Part 1\Day 1 Part 1.csproj", "{D5EA68F1-3FC1-4CBB-8300-6B6483EE928A}"
EndProject
Project("{9A19103F-16F7-4668-BE54-9A1E7A4F7556}") = "Day 1 Part 2", "Day 1 Part 2\Day 1 Part 2.csproj", "{17A7C50D-9601-4E49-8F42-DADA6855507D}"
EndProject
Project("{9A19103F-16F7-4668-BE54-9A1E7A4F7556}") = "Day 2 Part 1", "Day 2 Part 1\Day 2 Part 1.csproj", "{AEF692C3-FEC0-4878-A52D-5872808D8930}"
EndProject
Project("{9A19103F-16F7-4668-BE54-9A1E7A4F7556}") = "Day 2 Part 2", "Day 2 PArt 2\Day 2 Part 2.csproj", "{5C398523-9089-4578-8BE5-EF7947BB9D08}"
EndProject
Project("{2150E333-8FDC-42A3-9474-1A3956D46DE8}") = "Day 1", "Day 1", "{E02E9DAC-6B05-4EE6-9834-818E3FC12B7B}"
EndProject
Project("{2150E333-8FDC-42A3-9474-1A3956D46DE8}") = "Day 2", "Day 2", "{D5515886-A7B7-4B40-89A7-49C58F720431}"
EndProject
Project("{2150E333-8FDC-42A3-9474-1A3956D46DE8}") = "Day 3", "Day 3", "{FA9A1E32-C050-45F3-A2ED-EB5805D0AF83}"
EndProject
Project("{9A19103F-16F7-4668-BE54-9A1E7A4F7556}") = "Day 3 Part 1", "Day 3 Part 1\Day 3 Part 1.csproj", "{DB934978-EC84-4759-A3DE-3139EEADB63E}"
EndProject
Project("{9A19103F-16F7-4668-BE54-9A1E7A4F7556}") = "Day 3 Part 2", "Day3Part2\Day 3 Part 2.csproj", "{F95D7F62-AB75-494F-91FB-01462A7F98BF}"
EndProject
Project("{2150E333-8FDC-42A3-9474-1A3956D46DE8}") = "Day 4", "Day 4", "{3C50C089-8683-4FF2-8653-F7FC24E36030}"
EndProject
Project("{9A19103F-16F7-4668-BE54-9A1E7A4F7556}") = "Day 4 Part 1", "Day 4 Part 1\Day 4 Part 1.csproj", "{7DDBD49C-E304-4BC1-87AF-53384994CC00}"
EndProject
Project("{9A19103F-16F7-4668-BE54-9A1E7A4F7556}") = "Day 4 Part 2", "Day 4 Part 2\Day 4 Part 2.csproj", "{3BEF5B8E-D05A-42FC-9720-416E963F304B}"
EndProject
Project("{2150E333-8FDC-42A3-9474-1A3956D46DE8}") = "Day 5", "Day 5", "{564E4EFE-D740-4D30-9FB8-86E4A29D5D23}"
EndProject
Project("{9A19103F-16F7-4668-BE54-9A1E7A4F7556}") = "Day 5 Part 1", "Day 5 Day 1\Day 5 Part 1.csproj", "{13F6B0DD-6BD7-4193-AAB3-7058220F9277}"
EndProject
Project("{FAE04EC0-301F-11D3-BF4B-00C04F79EFBC}") = "Day 5 Part 2", "Day 5 Part 2\Day 5 Part 2.csproj", "{8184A2AA-EE9D-436C-B5CB-B92D76D75FC3}"
EndProject
Project("{2150E333-8FDC-42A3-9474-1A3956D46DE8}") = "Day 6", "Day 6", "{C90A4221-5814-47C9-852E-138D4F2B0831}"
EndProject
Project("{FAE04EC0-301F-11D3-BF4B-00C04F79EFBC}") = "Day 6 Part 1", "Day 6 Part 1\Day 6 Part 1.csproj", "{E74616C0-5B44-4A47-AC1D-76F757D1EDC6}"
EndProject
Project("{FAE04EC0-301F-11D3-BF4B-00C04F79EFBC}") = "Day 6 Part 2", "Day 6 Part 2\Day 6 Part 2.csproj", "{3D28BE1E-5FCE-4399-9925-01B4CEBC9065}"
EndProject
Project("{2150E333-8FDC-42A3-9474-1A3956D46DE8}") = "Day 7", "Day 7", "{70F6560E-A49A-4F53-ABB5-AD78B011D7E3}"
EndProject
Project("{FAE04EC0-301F-11D3-BF4B-00C04F79EFBC}") = "Day 7 Part 1", "Day 7 Part 1\Day 7 Part 1.csproj", "{E465D237-1F6B-4C85-9206-C036B56B5E93}"
EndProject
Global
	GlobalSection(SolutionConfigurationPlatforms) = preSolution
		Debug|Any CPU = Debug|Any CPU
		Release|Any CPU = Release|Any CPU
	EndGlobalSection
	GlobalSection(ProjectConfigurationPlatforms) = postSolution
		{D5EA68F1-3FC1-4CBB-8300-6B6483EE928A}.Debug|Any CPU.ActiveCfg = Debug|Any CPU
		{D5EA68F1-3FC1-4CBB-8300-6B6483EE928A}.Debug|Any CPU.Build.0 = Debug|Any CPU
		{D5EA68F1-3FC1-4CBB-8300-6B6483EE928A}.Release|Any CPU.ActiveCfg = Release|Any CPU
		{D5EA68F1-3FC1-4CBB-8300-6B6483EE928A}.Release|Any CPU.Build.0 = Release|Any CPU
		{17A7C50D-9601-4E49-8F42-DADA6855507D}.Debug|Any CPU.ActiveCfg = Debug|Any CPU
		{17A7C50D-9601-4E49-8F42-DADA6855507D}.Debug|Any CPU.Build.0 = Debug|Any CPU
		{17A7C50D-9601-4E49-8F42-DADA6855507D}.Release|Any CPU.ActiveCfg = Release|Any CPU
		{17A7C50D-9601-4E49-8F42-DADA6855507D}.Release|Any CPU.Build.0 = Release|Any CPU
		{AEF692C3-FEC0-4878-A52D-5872808D8930}.Debug|Any CPU.ActiveCfg = Debug|Any CPU
		{AEF692C3-FEC0-4878-A52D-5872808D8930}.Debug|Any CPU.Build.0 = Debug|Any CPU
		{AEF692C3-FEC0-4878-A52D-5872808D8930}.Release|Any CPU.ActiveCfg = Release|Any CPU
		{AEF692C3-FEC0-4878-A52D-5872808D8930}.Release|Any CPU.Build.0 = Release|Any CPU
		{5C398523-9089-4578-8BE5-EF7947BB9D08}.Debug|Any CPU.ActiveCfg = Debug|Any CPU
		{5C398523-9089-4578-8BE5-EF7947BB9D08}.Debug|Any CPU.Build.0 = Debug|Any CPU
		{5C398523-9089-4578-8BE5-EF7947BB9D08}.Release|Any CPU.ActiveCfg = Release|Any CPU
		{5C398523-9089-4578-8BE5-EF7947BB9D08}.Release|Any CPU.Build.0 = Release|Any CPU
		{DB934978-EC84-4759-A3DE-3139EEADB63E}.Debug|Any CPU.ActiveCfg = Debug|Any CPU
		{DB934978-EC84-4759-A3DE-3139EEADB63E}.Debug|Any CPU.Build.0 = Debug|Any CPU
		{DB934978-EC84-4759-A3DE-3139EEADB63E}.Release|Any CPU.ActiveCfg = Release|Any CPU
		{DB934978-EC84-4759-A3DE-3139EEADB63E}.Release|Any CPU.Build.0 = Release|Any CPU
		{F95D7F62-AB75-494F-91FB-01462A7F98BF}.Debug|Any CPU.ActiveCfg = Debug|Any CPU
		{F95D7F62-AB75-494F-91FB-01462A7F98BF}.Debug|Any CPU.Build.0 = Debug|Any CPU
		{F95D7F62-AB75-494F-91FB-01462A7F98BF}.Release|Any CPU.ActiveCfg = Release|Any CPU
		{F95D7F62-AB75-494F-91FB-01462A7F98BF}.Release|Any CPU.Build.0 = Release|Any CPU
		{7DDBD49C-E304-4BC1-87AF-53384994CC00}.Debug|Any CPU.ActiveCfg = Debug|Any CPU
		{7DDBD49C-E304-4BC1-87AF-53384994CC00}.Debug|Any CPU.Build.0 = Debug|Any CPU
		{7DDBD49C-E304-4BC1-87AF-53384994CC00}.Release|Any CPU.ActiveCfg = Release|Any CPU
		{7DDBD49C-E304-4BC1-87AF-53384994CC00}.Release|Any CPU.Build.0 = Release|Any CPU
		{3BEF5B8E-D05A-42FC-9720-416E963F304B}.Debug|Any CPU.ActiveCfg = Debug|Any CPU
		{3BEF5B8E-D05A-42FC-9720-416E963F304B}.Debug|Any CPU.Build.0 = Debug|Any CPU
		{3BEF5B8E-D05A-42FC-9720-416E963F304B}.Release|Any CPU.ActiveCfg = Release|Any CPU
		{3BEF5B8E-D05A-42FC-9720-416E963F304B}.Release|Any CPU.Build.0 = Release|Any CPU
		{13F6B0DD-6BD7-4193-AAB3-7058220F9277}.Debug|Any CPU.ActiveCfg = Debug|Any CPU
		{13F6B0DD-6BD7-4193-AAB3-7058220F9277}.Debug|Any CPU.Build.0 = Debug|Any CPU
		{13F6B0DD-6BD7-4193-AAB3-7058220F9277}.Release|Any CPU.ActiveCfg = Release|Any CPU
		{13F6B0DD-6BD7-4193-AAB3-7058220F9277}.Release|Any CPU.Build.0 = Release|Any CPU
		{8184A2AA-EE9D-436C-B5CB-B92D76D75FC3}.Debug|Any CPU.ActiveCfg = Debug|Any CPU
		{8184A2AA-EE9D-436C-B5CB-B92D76D75FC3}.Debug|Any CPU.Build.0 = Debug|Any CPU
		{8184A2AA-EE9D-436C-B5CB-B92D76D75FC3}.Release|Any CPU.ActiveCfg = Release|Any CPU
		{8184A2AA-EE9D-436C-B5CB-B92D76D75FC3}.Release|Any CPU.Build.0 = Release|Any CPU
		{E74616C0-5B44-4A47-AC1D-76F757D1EDC6}.Debug|Any CPU.ActiveCfg = Debug|Any CPU
		{E74616C0-5B44-4A47-AC1D-76F757D1EDC6}.Debug|Any CPU.Build.0 = Debug|Any CPU
		{E74616C0-5B44-4A47-AC1D-76F757D1EDC6}.Release|Any CPU.ActiveCfg = Release|Any CPU
		{E74616C0-5B44-4A47-AC1D-76F757D1EDC6}.Release|Any CPU.Build.0 = Release|Any CPU
		{3D28BE1E-5FCE-4399-9925-01B4CEBC9065}.Debug|Any CPU.ActiveCfg = Debug|Any CPU
		{3D28BE1E-5FCE-4399-9925-01B4CEBC9065}.Debug|Any CPU.Build.0 = Debug|Any CPU
		{3D28BE1E-5FCE-4399-9925-01B4CEBC9065}.Release|Any CPU.ActiveCfg = Release|Any CPU
		{3D28BE1E-5FCE-4399-9925-01B4CEBC9065}.Release|Any CPU.Build.0 = Release|Any CPU
		{E465D237-1F6B-4C85-9206-C036B56B5E93}.Debug|Any CPU.ActiveCfg = Debug|Any CPU
		{E465D237-1F6B-4C85-9206-C036B56B5E93}.Debug|Any CPU.Build.0 = Debug|Any CPU
		{E465D237-1F6B-4C85-9206-C036B56B5E93}.Release|Any CPU.ActiveCfg = Release|Any CPU
		{E465D237-1F6B-4C85-9206-C036B56B5E93}.Release|Any CPU.Build.0 = Release|Any CPU
	EndGlobalSection
	GlobalSection(SolutionProperties) = preSolution
		HideSolutionNode = FALSE
	EndGlobalSection
	GlobalSection(NestedProjects) = preSolution
		{D5EA68F1-3FC1-4CBB-8300-6B6483EE928A} = {E02E9DAC-6B05-4EE6-9834-818E3FC12B7B}
		{17A7C50D-9601-4E49-8F42-DADA6855507D} = {E02E9DAC-6B05-4EE6-9834-818E3FC12B7B}
		{AEF692C3-FEC0-4878-A52D-5872808D8930} = {D5515886-A7B7-4B40-89A7-49C58F720431}
		{5C398523-9089-4578-8BE5-EF7947BB9D08} = {D5515886-A7B7-4B40-89A7-49C58F720431}
		{DB934978-EC84-4759-A3DE-3139EEADB63E} = {FA9A1E32-C050-45F3-A2ED-EB5805D0AF83}
		{F95D7F62-AB75-494F-91FB-01462A7F98BF} = {FA9A1E32-C050-45F3-A2ED-EB5805D0AF83}
		{7DDBD49C-E304-4BC1-87AF-53384994CC00} = {3C50C089-8683-4FF2-8653-F7FC24E36030}
		{3BEF5B8E-D05A-42FC-9720-416E963F304B} = {3C50C089-8683-4FF2-8653-F7FC24E36030}
		{13F6B0DD-6BD7-4193-AAB3-7058220F9277} = {564E4EFE-D740-4D30-9FB8-86E4A29D5D23}
		{8184A2AA-EE9D-436C-B5CB-B92D76D75FC3} = {564E4EFE-D740-4D30-9FB8-86E4A29D5D23}
		{E74616C0-5B44-4A47-AC1D-76F757D1EDC6} = {C90A4221-5814-47C9-852E-138D4F2B0831}
		{3D28BE1E-5FCE-4399-9925-01B4CEBC9065} = {C90A4221-5814-47C9-852E-138D4F2B0831}
		{E465D237-1F6B-4C85-9206-C036B56B5E93} = {70F6560E-A49A-4F53-ABB5-AD78B011D7E3}
	EndGlobalSection
	GlobalSection(ExtensibilityGlobals) = postSolution
		SolutionGuid = {8C3A914F-19D2-4E19-9C75-1C82487807C8}
	EndGlobalSection
EndGlobal
