
Microsoft Visual Studio Solution File, Format Version 12.00
# Visual Studio Version 17
VisualStudioVersion = 17.3.32922.545
MinimumVisualStudioVersion = 10.0.40219.1
Project("{9A19103F-16F7-4668-BE54-9A1E7A4F7556}") = "Day 1 Part 1", "Day 1 Part 1\Day 1 Part 1.csproj", "{D5EA68F1-3FC1-4CBB-8300-6B6483EE928A}"
EndProject
Project("{9A19103F-16F7-4668-BE54-9A1E7A4F7556}") = "Day 1 Part 2", "Day 1 Part 2\Day 1 Part 2.csproj", "{17A7C50D-9601-4E49-8F42-DADA6855507D}"
EndProject
Global
	GlobalSection(SolutionConfigurationPlatforms) = preSolution
		Debug|Any CPU = Debug|Any CPU
		Release|Any CPU = Release|Any CPU
	EndGlobalSection
	GlobalSection(ProjectConfigurationPlatforms) = postSolution
		{D5EA68F1-3FC1-4CBB-8300-6B6483EE928A}.Debug|Any CPU.ActiveCfg = Debug|Any CPU
		{D5EA68F1-3FC1-4CBB-8300-6B6483EE928A}.Debug|Any CPU.Build.0 = Debug|Any CPU
		{D5EA68F1-3FC1-4CBB-8300-6B6483EE928A}.Release|Any CPU.ActiveCfg = Release|Any CPU
		{D5EA68F1-3FC1-4CBB-8300-6B6483EE928A}.Release|Any CPU.Build.0 = Release|Any CPU
		{17A7C50D-9601-4E49-8F42-DADA6855507D}.Debug|Any CPU.ActiveCfg = Debug|Any CPU
		{17A7C50D-9601-4E49-8F42-DADA6855507D}.Debug|Any CPU.Build.0 = Debug|Any CPU
		{17A7C50D-9601-4E49-8F42-DADA6855507D}.Release|Any CPU.ActiveCfg = Release|Any CPU
		{17A7C50D-9601-4E49-8F42-DADA6855507D}.Release|Any CPU.Build.0 = Release|Any CPU
	EndGlobalSection
	GlobalSection(SolutionProperties) = preSolution
		HideSolutionNode = FALSE
	EndGlobalSection
	GlobalSection(ExtensibilityGlobals) = postSolution
		SolutionGuid = {8C3A914F-19D2-4E19-9C75-1C82487807C8}
	EndGlobalSection
EndGlobal
